// !$*UTF8*$!
{
	archiveVersion = 1;
	classes = {
	};
	objectVersion = 46;
	objects = {

/* Begin PBXBuildFile section */
		E10086151DEF725400DF449C /* ODPSwissDeparturesNetworkController.swift in Sources */ = {isa = PBXBuildFile; fileRef = E10086141DEF725400DF449C /* ODPSwissDeparturesNetworkController.swift */; };
		E10086171DEF727D00DF449C /* ODPSwissDeparturesParser.swift in Sources */ = {isa = PBXBuildFile; fileRef = E10086161DEF727D00DF449C /* ODPSwissDeparturesParser.swift */; };
		E10184F11DFE13290020E979 /* LICENSE in Resources */ = {isa = PBXBuildFile; fileRef = E10184F01DFE13290020E979 /* LICENSE */; };
		E144BBC01E0077130071C6B4 /* LICENSE in Resources */ = {isa = PBXBuildFile; fileRef = E144BBBF1E0077130071C6B4 /* LICENSE */; };
		E14FB58A1DF5FD9900FB7BC1 /* ODPSwissModels.swift in Sources */ = {isa = PBXBuildFile; fileRef = E14FB5891DF5FD9900FB7BC1 /* ODPSwissModels.swift */; };
		E1553D121DE8E1F800AFCEEC /* AppDelegate.swift in Sources */ = {isa = PBXBuildFile; fileRef = E1553D111DE8E1F800AFCEEC /* AppDelegate.swift */; };
		E1553D141DE8E1F800AFCEEC /* ViewController.swift in Sources */ = {isa = PBXBuildFile; fileRef = E1553D131DE8E1F800AFCEEC /* ViewController.swift */; };
		E1553D171DE8E1F800AFCEEC /* Main.storyboard in Resources */ = {isa = PBXBuildFile; fileRef = E1553D151DE8E1F800AFCEEC /* Main.storyboard */; };
		E1553D191DE8E1F800AFCEEC /* Assets.xcassets in Resources */ = {isa = PBXBuildFile; fileRef = E1553D181DE8E1F800AFCEEC /* Assets.xcassets */; };
		E1553D1C1DE8E1F800AFCEEC /* LaunchScreen.storyboard in Resources */ = {isa = PBXBuildFile; fileRef = E1553D1A1DE8E1F800AFCEEC /* LaunchScreen.storyboard */; };
		E1553D241DE8E87000AFCEEC /* payload-template-departures.xml in Resources */ = {isa = PBXBuildFile; fileRef = E1553D231DE8E87000AFCEEC /* payload-template-departures.xml */; };
/* End PBXBuildFile section */

/* Begin PBXFileReference section */
		E10086141DEF725400DF449C /* ODPSwissDeparturesNetworkController.swift */ = {isa = PBXFileReference; fileEncoding = 4; lastKnownFileType = sourcecode.swift; name = ODPSwissDeparturesNetworkController.swift; path = ODPSwiss/ODPSwissDeparturesNetworkController.swift; sourceTree = "<group>"; };
		E10086161DEF727D00DF449C /* ODPSwissDeparturesParser.swift */ = {isa = PBXFileReference; fileEncoding = 4; lastKnownFileType = sourcecode.swift; name = ODPSwissDeparturesParser.swift; path = ODPSwiss/ODPSwissDeparturesParser.swift; sourceTree = "<group>"; };
		E10184EF1DFE0ABD0020E979 /* README.md */ = {isa = PBXFileReference; lastKnownFileType = net.daringfireball.markdown; path = README.md; sourceTree = "<group>"; };
		E10184F01DFE13290020E979 /* LICENSE */ = {isa = PBXFileReference; fileEncoding = 4; lastKnownFileType = text; name = LICENSE; path = ODPSwiss/LICENSE; sourceTree = "<group>"; };
		E144BBBF1E0077130071C6B4 /* LICENSE */ = {isa = PBXFileReference; fileEncoding = 4; lastKnownFileType = text; path = LICENSE; sourceTree = "<group>"; };
		E14FB5891DF5FD9900FB7BC1 /* ODPSwissModels.swift */ = {isa = PBXFileReference; fileEncoding = 4; lastKnownFileType = sourcecode.swift; name = ODPSwissModels.swift; path = ODPSwiss/ODPSwissModels.swift; sourceTree = "<group>"; };
		E1553D0E1DE8E1F800AFCEEC /* OpenTransportSwissDepartures.app */ = {isa = PBXFileReference; explicitFileType = wrapper.application; includeInIndex = 0; path = OpenTransportSwissDepartures.app; sourceTree = BUILT_PRODUCTS_DIR; };
		E1553D111DE8E1F800AFCEEC /* AppDelegate.swift */ = {isa = PBXFileReference; lastKnownFileType = sourcecode.swift; path = AppDelegate.swift; sourceTree = "<group>"; };
		E1553D131DE8E1F800AFCEEC /* ViewController.swift */ = {isa = PBXFileReference; lastKnownFileType = sourcecode.swift; path = ViewController.swift; sourceTree = "<group>"; };
		E1553D161DE8E1F800AFCEEC /* Base */ = {isa = PBXFileReference; lastKnownFileType = file.storyboard; name = Base; path = Base.lproj/Main.storyboard; sourceTree = "<group>"; };
		E1553D181DE8E1F800AFCEEC /* Assets.xcassets */ = {isa = PBXFileReference; lastKnownFileType = folder.assetcatalog; path = Assets.xcassets; sourceTree = "<group>"; };
		E1553D1B1DE8E1F800AFCEEC /* Base */ = {isa = PBXFileReference; lastKnownFileType = file.storyboard; name = Base; path = Base.lproj/LaunchScreen.storyboard; sourceTree = "<group>"; };
		E1553D1D1DE8E1F800AFCEEC /* Info.plist */ = {isa = PBXFileReference; lastKnownFileType = text.plist.xml; path = Info.plist; sourceTree = "<group>"; };
		E1553D231DE8E87000AFCEEC /* payload-template-departures.xml */ = {isa = PBXFileReference; fileEncoding = 4; lastKnownFileType = text.xml; name = "payload-template-departures.xml"; path = "ODPSwiss/payload-template-departures.xml"; sourceTree = "<group>"; };
/* End PBXFileReference section */

/* Begin PBXFrameworksBuildPhase section */
		E1553D0B1DE8E1F800AFCEEC /* Frameworks */ = {
			isa = PBXFrameworksBuildPhase;
			buildActionMask = 2147483647;
			files = (
			);
			runOnlyForDeploymentPostprocessing = 0;
		};
/* End PBXFrameworksBuildPhase section */

/* Begin PBXGroup section */
		E10086131DEF723600DF449C /* ODPSwiss */ = {
			isa = PBXGroup;
			children = (
				E10184F01DFE13290020E979 /* LICENSE */,
				E1553D231DE8E87000AFCEEC /* payload-template-departures.xml */,
				E10086141DEF725400DF449C /* ODPSwissDeparturesNetworkController.swift */,
				E10086161DEF727D00DF449C /* ODPSwissDeparturesParser.swift */,
				E14FB5891DF5FD9900FB7BC1 /* ODPSwissModels.swift */,
			);
			name = ODPSwiss;
			sourceTree = "<group>";
		};
		E1553D051DE8E1F800AFCEEC = {
			isa = PBXGroup;
			children = (
				E10184EF1DFE0ABD0020E979 /* README.md */,
				E144BBBF1E0077130071C6B4 /* LICENSE */,
				E1553D101DE8E1F800AFCEEC /* OpenTransportSwissDepartures */,
				E1553D0F1DE8E1F800AFCEEC /* Products */,
			);
			sourceTree = "<group>";
		};
		E1553D0F1DE8E1F800AFCEEC /* Products */ = {
			isa = PBXGroup;
			children = (
				E1553D0E1DE8E1F800AFCEEC /* OpenTransportSwissDepartures.app */,
			);
			name = Products;
			sourceTree = "<group>";
		};
		E1553D101DE8E1F800AFCEEC /* OpenTransportSwissDepartures */ = {
			isa = PBXGroup;
			children = (
				E10086131DEF723600DF449C /* ODPSwiss */,
				E1553D111DE8E1F800AFCEEC /* AppDelegate.swift */,
				E1553D131DE8E1F800AFCEEC /* ViewController.swift */,
				E1553D151DE8E1F800AFCEEC /* Main.storyboard */,
				E1553D181DE8E1F800AFCEEC /* Assets.xcassets */,
				E1553D1A1DE8E1F800AFCEEC /* LaunchScreen.storyboard */,
				E1553D1D1DE8E1F800AFCEEC /* Info.plist */,
			);
			path = OpenTransportSwissDepartures;
			sourceTree = "<group>";
		};
/* End PBXGroup section */

/* Begin PBXNativeTarget section */
		E1553D0D1DE8E1F800AFCEEC /* OpenTransportSwissDepartures */ = {
			isa = PBXNativeTarget;
			buildConfigurationList = E1553D201DE8E1F800AFCEEC /* Build configuration list for PBXNativeTarget "OpenTransportSwissDepartures" */;
			buildPhases = (
				E1553D0A1DE8E1F800AFCEEC /* Sources */,
				E1553D0B1DE8E1F800AFCEEC /* Frameworks */,
				E1553D0C1DE8E1F800AFCEEC /* Resources */,
			);
			buildRules = (
			);
			dependencies = (
			);
			name = OpenTransportSwissDepartures;
			productName = OpenTransportSwissDepartures;
			productReference = E1553D0E1DE8E1F800AFCEEC /* OpenTransportSwissDepartures.app */;
			productType = "com.apple.product-type.application";
		};
/* End PBXNativeTarget section */

/* Begin PBXProject section */
		E1553D061DE8E1F800AFCEEC /* Project object */ = {
			isa = PBXProject;
			attributes = {
				LastSwiftUpdateCheck = 0810;
				LastUpgradeCheck = 0810;
				ORGANIZATIONNAME = vasile.ch;
				TargetAttributes = {
					E1553D0D1DE8E1F800AFCEEC = {
						CreatedOnToolsVersion = 8.1;
						DevelopmentTeam = 63NGD74GN4;
						ProvisioningStyle = Automatic;
					};
				};
			};
			buildConfigurationList = E1553D091DE8E1F800AFCEEC /* Build configuration list for PBXProject "OpenTransportSwissDepartures" */;
			compatibilityVersion = "Xcode 3.2";
			developmentRegion = English;
			hasScannedForEncodings = 0;
			knownRegions = (
				en,
				Base,
			);
			mainGroup = E1553D051DE8E1F800AFCEEC;
			productRefGroup = E1553D0F1DE8E1F800AFCEEC /* Products */;
			projectDirPath = "";
			projectRoot = "";
			targets = (
				E1553D0D1DE8E1F800AFCEEC /* OpenTransportSwissDepartures */,
			);
		};
/* End PBXProject section */

/* Begin PBXResourcesBuildPhase section */
		E1553D0C1DE8E1F800AFCEEC /* Resources */ = {
			isa = PBXResourcesBuildPhase;
			buildActionMask = 2147483647;
			files = (
				E144BBC01E0077130071C6B4 /* LICENSE in Resources */,
				E1553D1C1DE8E1F800AFCEEC /* LaunchScreen.storyboard in Resources */,
				E1553D241DE8E87000AFCEEC /* payload-template-departures.xml in Resources */,
				E1553D191DE8E1F800AFCEEC /* Assets.xcassets in Resources */,
				E1553D171DE8E1F800AFCEEC /* Main.storyboard in Resources */,
				E10184F11DFE13290020E979 /* LICENSE in Resources */,
			);
			runOnlyForDeploymentPostprocessing = 0;
		};
/* End PBXResourcesBuildPhase section */

/* Begin PBXSourcesBuildPhase section */
		E1553D0A1DE8E1F800AFCEEC /* Sources */ = {
			isa = PBXSourcesBuildPhase;
			buildActionMask = 2147483647;
			files = (
				E10086151DEF725400DF449C /* ODPSwissDeparturesNetworkController.swift in Sources */,
				E10086171DEF727D00DF449C /* ODPSwissDeparturesParser.swift in Sources */,
				E14FB58A1DF5FD9900FB7BC1 /* ODPSwissModels.swift in Sources */,
				E1553D141DE8E1F800AFCEEC /* ViewController.swift in Sources */,
				E1553D121DE8E1F800AFCEEC /* AppDelegate.swift in Sources */,
			);
			runOnlyForDeploymentPostprocessing = 0;
		};
/* End PBXSourcesBuildPhase section */

/* Begin PBXVariantGroup section */
		E1553D151DE8E1F800AFCEEC /* Main.storyboard */ = {
			isa = PBXVariantGroup;
			children = (
				E1553D161DE8E1F800AFCEEC /* Base */,
			);
			name = Main.storyboard;
			sourceTree = "<group>";
		};
		E1553D1A1DE8E1F800AFCEEC /* LaunchScreen.storyboard */ = {
			isa = PBXVariantGroup;
			children = (
				E1553D1B1DE8E1F800AFCEEC /* Base */,
			);
			name = LaunchScreen.storyboard;
			sourceTree = "<group>";
		};
/* End PBXVariantGroup section */

/* Begin XCBuildConfiguration section */
		E1553D1E1DE8E1F800AFCEEC /* Debug */ = {
			isa = XCBuildConfiguration;
			buildSettings = {
				ALWAYS_SEARCH_USER_PATHS = NO;
				CLANG_ANALYZER_NONNULL = YES;
				CLANG_CXX_LANGUAGE_STANDARD = "gnu++0x";
				CLANG_CXX_LIBRARY = "libc++";
				CLANG_ENABLE_MODULES = YES;
				CLANG_ENABLE_OBJC_ARC = YES;
				CLANG_WARN_BOOL_CONVERSION = YES;
				CLANG_WARN_CONSTANT_CONVERSION = YES;
				CLANG_WARN_DIRECT_OBJC_ISA_USAGE = YES_ERROR;
				CLANG_WARN_DOCUMENTATION_COMMENTS = YES;
				CLANG_WARN_EMPTY_BODY = YES;
				CLANG_WARN_ENUM_CONVERSION = YES;
				CLANG_WARN_INFINITE_RECURSION = YES;
				CLANG_WARN_INT_CONVERSION = YES;
				CLANG_WARN_OBJC_ROOT_CLASS = YES_ERROR;
				CLANG_WARN_SUSPICIOUS_MOVES = YES;
				CLANG_WARN_UNREACHABLE_CODE = YES;
				CLANG_WARN__DUPLICATE_METHOD_MATCH = YES;
				"CODE_SIGN_IDENTITY[sdk=iphoneos*]" = "iPhone Developer";
				COPY_PHASE_STRIP = NO;
				DEBUG_INFORMATION_FORMAT = dwarf;
				ENABLE_STRICT_OBJC_MSGSEND = YES;
				ENABLE_TESTABILITY = YES;
				GCC_C_LANGUAGE_STANDARD = gnu99;
				GCC_DYNAMIC_NO_PIC = NO;
				GCC_NO_COMMON_BLOCKS = YES;
				GCC_OPTIMIZATION_LEVEL = 0;
				GCC_PREPROCESSOR_DEFINITIONS = (
					"DEBUG=1",
					"$(inherited)",
				);
				GCC_WARN_64_TO_32_BIT_CONVERSION = YES;
				GCC_WARN_ABOUT_RETURN_TYPE = YES_ERROR;
				GCC_WARN_UNDECLARED_SELECTOR = YES;
				GCC_WARN_UNINITIALIZED_AUTOS = YES_AGGRESSIVE;
				GCC_WARN_UNUSED_FUNCTION = YES;
				GCC_WARN_UNUSED_VARIABLE = YES;
				IPHONEOS_DEPLOYMENT_TARGET = 10.1;
				MTL_ENABLE_DEBUG_INFO = YES;
				ONLY_ACTIVE_ARCH = YES;
				SDKROOT = iphoneos;
				SWIFT_ACTIVE_COMPILATION_CONDITIONS = DEBUG;
				SWIFT_OPTIMIZATION_LEVEL = "-Onone";
				TARGETED_DEVICE_FAMILY = "1,2";
			};
			name = Debug;
		};
		E1553D1F1DE8E1F800AFCEEC /* Release */ = {
			isa = XCBuildConfiguration;
			buildSettings = {
				ALWAYS_SEARCH_USER_PATHS = NO;
				CLANG_ANALYZER_NONNULL = YES;
				CLANG_CXX_LANGUAGE_STANDARD = "gnu++0x";
				CLANG_CXX_LIBRARY = "libc++";
				CLANG_ENABLE_MODULES = YES;
				CLANG_ENABLE_OBJC_ARC = YES;
				CLANG_WARN_BOOL_CONVERSION = YES;
				CLANG_WARN_CONSTANT_CONVERSION = YES;
				CLANG_WARN_DIRECT_OBJC_ISA_USAGE = YES_ERROR;
				CLANG_WARN_DOCUMENTATION_COMMENTS = YES;
				CLANG_WARN_EMPTY_BODY = YES;
				CLANG_WARN_ENUM_CONVERSION = YES;
				CLANG_WARN_INFINITE_RECURSION = YES;
				CLANG_WARN_INT_CONVERSION = YES;
				CLANG_WARN_OBJC_ROOT_CLASS = YES_ERROR;
				CLANG_WARN_SUSPICIOUS_MOVES = YES;
				CLANG_WARN_UNREACHABLE_CODE = YES;
				CLANG_WARN__DUPLICATE_METHOD_MATCH = YES;
				"CODE_SIGN_IDENTITY[sdk=iphoneos*]" = "iPhone Developer";
				COPY_PHASE_STRIP = NO;
				DEBUG_INFORMATION_FORMAT = "dwarf-with-dsym";
				ENABLE_NS_ASSERTIONS = NO;
				ENABLE_STRICT_OBJC_MSGSEND = YES;
				GCC_C_LANGUAGE_STANDARD = gnu99;
				GCC_NO_COMMON_BLOCKS = YES;
				GCC_WARN_64_TO_32_BIT_CONVERSION = YES;
				GCC_WARN_ABOUT_RETURN_TYPE = YES_ERROR;
				GCC_WARN_UNDECLARED_SELECTOR = YES;
				GCC_WARN_UNINITIALIZED_AUTOS = YES_AGGRESSIVE;
				GCC_WARN_UNUSED_FUNCTION = YES;
				GCC_WARN_UNUSED_VARIABLE = YES;
				IPHONEOS_DEPLOYMENT_TARGET = 10.1;
				MTL_ENABLE_DEBUG_INFO = NO;
				SDKROOT = iphoneos;
				SWIFT_OPTIMIZATION_LEVEL = "-Owholemodule";
				TARGETED_DEVICE_FAMILY = "1,2";
				VALIDATE_PRODUCT = YES;
			};
			name = Release;
		};
		E1553D211DE8E1F800AFCEEC /* Debug */ = {
			isa = XCBuildConfiguration;
			buildSettings = {
				ASSETCATALOG_COMPILER_APPICON_NAME = AppIcon;
				DEVELOPMENT_TEAM = 63NGD74GN4;
				INFOPLIST_FILE = OpenTransportSwissDepartures/Info.plist;
				IPHONEOS_DEPLOYMENT_TARGET = 8.4;
				LD_RUNPATH_SEARCH_PATHS = "$(inherited) @executable_path/Frameworks";
				PRODUCT_BUNDLE_IDENTIFIER = com.company.swiss.departures;
				PRODUCT_NAME = "$(TARGET_NAME)";
				SWIFT_VERSION = 3.0;
			};
			name = Debug;
		};
		E1553D221DE8E1F800AFCEEC /* Release */ = {
			isa = XCBuildConfiguration;
			buildSettings = {
				ASSETCATALOG_COMPILER_APPICON_NAME = AppIcon;
				DEVELOPMENT_TEAM = 63NGD74GN4;
				INFOPLIST_FILE = OpenTransportSwissDepartures/Info.plist;
				IPHONEOS_DEPLOYMENT_TARGET = 8.4;
				LD_RUNPATH_SEARCH_PATHS = "$(inherited) @executable_path/Frameworks";
				PRODUCT_BUNDLE_IDENTIFIER = com.company.swiss.departures;
				PRODUCT_NAME = "$(TARGET_NAME)";
				SWIFT_VERSION = 3.0;
			};
			name = Release;
		};
/* End XCBuildConfiguration section */

/* Begin XCConfigurationList section */
		E1553D091DE8E1F800AFCEEC /* Build configuration list for PBXProject "OpenTransportSwissDepartures" */ = {
			isa = XCConfigurationList;
			buildConfigurations = (
				E1553D1E1DE8E1F800AFCEEC /* Debug */,
				E1553D1F1DE8E1F800AFCEEC /* Release */,
			);
			defaultConfigurationIsVisible = 0;
			defaultConfigurationName = Release;
		};
		E1553D201DE8E1F800AFCEEC /* Build configuration list for PBXNativeTarget "OpenTransportSwissDepartures" */ = {
			isa = XCConfigurationList;
			buildConfigurations = (
				E1553D211DE8E1F800AFCEEC /* Debug */,
				E1553D221DE8E1F800AFCEEC /* Release */,
			);
			defaultConfigurationIsVisible = 0;
			defaultConfigurationName = Release;
		};
/* End XCConfigurationList section */
	};
	rootObject = E1553D061DE8E1F800AFCEEC /* Project object */;
}
